
Microsoft Visual Studio Solution File, Format Version 12.00
# Visual Studio Express 2013 for Windows Desktop
VisualStudioVersion = 12.0.21005.1
MinimumVisualStudioVersion = 10.0.40219.1
Project("{8BC9CEB8-8B4A-11D0-8D11-00A0C91BC942}") = "ArenaSplode 2", "ArenaSplode 2.vcxproj", "{3DB34A8D-9FEE-4E29-94DC-F65A1054BE08}"
EndProject
Global
	GlobalSection(SolutionConfigurationPlatforms) = preSolution
		Debug|Win32 = Debug|Win32
		Release|Win32 = Release|Win32
	EndGlobalSection
	GlobalSection(ProjectConfigurationPlatforms) = postSolution
		{3DB34A8D-9FEE-4E29-94DC-F65A1054BE08}.Debug|Win32.ActiveCfg = Debug|Win32
		{3DB34A8D-9FEE-4E29-94DC-F65A1054BE08}.Debug|Win32.Build.0 = Debug|Win32
		{3DB34A8D-9FEE-4E29-94DC-F65A1054BE08}.Release|Win32.ActiveCfg = Release|Win32
		{3DB34A8D-9FEE-4E29-94DC-F65A1054BE08}.Release|Win32.Build.0 = Release|Win32
	EndGlobalSection
	GlobalSection(SolutionProperties) = preSolution
		HideSolutionNode = FALSE
	EndGlobalSection
EndGlobal
